// !$*UTF8*$!
{
	archiveVersion = 1;
	classes = {
	};
	objectVersion = 77;
	objects = {

/* Begin PBXContainerItemProxy section */
		FA5585A52E13B04400CF231E /* PBXContainerItemProxy */ = {
			isa = PBXContainerItemProxy;
			containerPortal = FA55858C2E13B04200CF231E /* Project object */;
			proxyType = 1;
			remoteGlobalIDString = FA5585932E13B04200CF231E;
			remoteInfo = Child;
		};
		FA5585AF2E13B04400CF231E /* PBXContainerItemProxy */ = {
			isa = PBXContainerItemProxy;
			containerPortal = FA55858C2E13B04200CF231E /* Project object */;
			proxyType = 1;
			remoteGlobalIDString = FA5585932E13B04200CF231E;
			remoteInfo = Child;
		};
/* End PBXContainerItemProxy section */

/* Begin PBXFileReference section */
		FA5585942E13B04200CF231E /* Child.app */ = {isa = PBXFileReference; explicitFileType = wrapper.application; includeInIndex = 0; path = Child.app; sourceTree = BUILT_PRODUCTS_DIR; };
		FA5585A42E13B04400CF231E /* ChildTests.xctest */ = {isa = PBXFileReference; explicitFileType = wrapper.cfbundle; includeInIndex = 0; path = ChildTests.xctest; sourceTree = BUILT_PRODUCTS_DIR; };
		FA5585AE2E13B04400CF231E /* ChildUITests.xctest */ = {isa = PBXFileReference; explicitFileType = wrapper.cfbundle; includeInIndex = 0; path = ChildUITests.xctest; sourceTree = BUILT_PRODUCTS_DIR; };
/* End PBXFileReference section */

/* Begin PBXFileSystemSynchronizedRootGroup section */
		FA5585A72E13B04400CF231E /* ChildTests */ = {
			isa = PBXFileSystemSynchronizedRootGroup;
			path = ChildTests;
			sourceTree = "<group>";
		};
		FA5585B12E13B04400CF231E /* ChildUITests */ = {
			isa = PBXFileSystemSynchronizedRootGroup;
			path = ChildUITests;
			sourceTree = "<group>";
		};
		FA5585D72E13B6F200CF231E /* Child */ = {
			isa = PBXFileSystemSynchronizedRootGroup;
			path = Child;
			sourceTree = "<group>";
		};
		FA5585DC2E13B6F700CF231E /* Preview Content */ = {
			isa = PBXFileSystemSynchronizedRootGroup;
			path = "Preview Content";
			sourceTree = "<group>";
		};
/* End PBXFileSystemSynchronizedRootGroup section */

/* Begin PBXFrameworksBuildPhase section */
		FA5585912E13B04200CF231E /* Frameworks */ = {
			isa = PBXFrameworksBuildPhase;
			buildActionMask = 2147483647;
			files = (
			);
			runOnlyForDeploymentPostprocessing = 0;
		};
		FA5585A12E13B04400CF231E /* Frameworks */ = {
			isa = PBXFrameworksBuildPhase;
			buildActionMask = 2147483647;
			files = (
			);
			runOnlyForDeploymentPostprocessing = 0;
		};
		FA5585AB2E13B04400CF231E /* Frameworks */ = {
			isa = PBXFrameworksBuildPhase;
			buildActionMask = 2147483647;
			files = (
			);
			runOnlyForDeploymentPostprocessing = 0;
		};
/* End PBXFrameworksBuildPhase section */

/* Begin PBXGroup section */
		FA55858B2E13B04200CF231E = {
			isa = PBXGroup;
			children = (
				FA5585D72E13B6F200CF231E /* Child */,
				FA5585DC2E13B6F700CF231E /* Preview Content */,
				FA5585A72E13B04400CF231E /* ChildTests */,
				FA5585B12E13B04400CF231E /* ChildUITests */,
				FA5585952E13B04200CF231E /* Products */,
			);
			sourceTree = "<group>";
		};
		FA5585952E13B04200CF231E /* Products */ = {
			isa = PBXGroup;
			children = (
				FA5585942E13B04200CF231E /* Child.app */,
				FA5585A42E13B04400CF231E /* ChildTests.xctest */,
				FA5585AE2E13B04400CF231E /* ChildUITests.xctest */,
			);
			name = Products;
			sourceTree = "<group>";
		};
/* End PBXGroup section */

/* Begin PBXNativeTarget section */
		FA5585932E13B04200CF231E /* Child */ = {
			isa = PBXNativeTarget;
			buildConfigurationList = FA5585B82E13B04400CF231E /* Build configuration list for PBXNativeTarget "Child" */;
			buildPhases = (
				FA5585902E13B04200CF231E /* Sources */,
				FA5585912E13B04200CF231E /* Frameworks */,
				FA5585922E13B04200CF231E /* Resources */,
			);
			buildRules = (
			);
			dependencies = (
			);
			fileSystemSynchronizedGroups = (
				FA5585D72E13B6F200CF231E /* Child */,
				FA5585DC2E13B6F700CF231E /* Preview Content */,
			);
			name = Child;
			productName = Child;
			productReference = FA5585942E13B04200CF231E /* Child.app */;
			productType = "com.apple.product-type.application";
		};
		FA5585A32E13B04400CF231E /* ChildTests */ = {
			isa = PBXNativeTarget;
			buildConfigurationList = FA5585BB2E13B04400CF231E /* Build configuration list for PBXNativeTarget "ChildTests" */;
			buildPhases = (
				FA5585A02E13B04400CF231E /* Sources */,
				FA5585A12E13B04400CF231E /* Frameworks */,
				FA5585A22E13B04400CF231E /* Resources */,
			);
			buildRules = (
			);
			dependencies = (
				FA5585A62E13B04400CF231E /* PBXTargetDependency */,
			);
			fileSystemSynchronizedGroups = (
				FA5585A72E13B04400CF231E /* ChildTests */,
			);
			name = ChildTests;
			productName = ChildTests;
			productReference = FA5585A42E13B04400CF231E /* ChildTests.xctest */;
			productType = "com.apple.product-type.bundle.unit-test";
		};
		FA5585AD2E13B04400CF231E /* ChildUITests */ = {
			isa = PBXNativeTarget;
			buildConfigurationList = FA5585BE2E13B04400CF231E /* Build configuration list for PBXNativeTarget "ChildUITests" */;
			buildPhases = (
				FA5585AA2E13B04400CF231E /* Sources */,
				FA5585AB2E13B04400CF231E /* Frameworks */,
				FA5585AC2E13B04400CF231E /* Resources */,
			);
			buildRules = (
			);
			dependencies = (
				FA5585B02E13B04400CF231E /* PBXTargetDependency */,
			);
			fileSystemSynchronizedGroups = (
				FA5585B12E13B04400CF231E /* ChildUITests */,
			);
			name = ChildUITests;
			productName = ChildUITests;
			productReference = FA5585AE2E13B04400CF231E /* ChildUITests.xctest */;
			productType = "com.apple.product-type.bundle.ui-testing";
		};
/* End PBXNativeTarget section */

/* Begin PBXProject section */
		FA55858C2E13B04200CF231E /* Project object */ = {
			isa = PBXProject;
			attributes = {
				BuildIndependentTargetsInParallel = 1;
				LastSwiftUpdateCheck = 1620;
				LastUpgradeCheck = 1620;
				TargetAttributes = {
					FA5585932E13B04200CF231E = {
						CreatedOnToolsVersion = 16.2;
					};
					FA5585A32E13B04400CF231E = {
						CreatedOnToolsVersion = 16.2;
						TestTargetID = FA5585932E13B04200CF231E;
					};
					FA5585AD2E13B04400CF231E = {
						CreatedOnToolsVersion = 16.2;
						TestTargetID = FA5585932E13B04200CF231E;
					};
				};
			};
			buildConfigurationList = FA55858F2E13B04200CF231E /* Build configuration list for PBXProject "Child" */;
			developmentRegion = en;
			hasScannedForEncodings = 0;
			knownRegions = (
				en,
				Base,
			);
			mainGroup = FA55858B2E13B04200CF231E;
			minimizedProjectReferenceProxies = 1;
			preferredProjectObjectVersion = 77;
			productRefGroup = FA5585952E13B04200CF231E /* Products */;
			projectDirPath = "";
			projectRoot = "";
			targets = (
				FA5585932E13B04200CF231E /* Child */,
				FA5585A32E13B04400CF231E /* ChildTests */,
				FA5585AD2E13B04400CF231E /* ChildUITests */,
			);
		};
/* End PBXProject section */

/* Begin PBXResourcesBuildPhase section */
		FA5585922E13B04200CF231E /* Resources */ = {
			isa = PBXResourcesBuildPhase;
			buildActionMask = 2147483647;
			files = (
			);
			runOnlyForDeploymentPostprocessing = 0;
		};
		FA5585A22E13B04400CF231E /* Resources */ = {
			isa = PBXResourcesBuildPhase;
			buildActionMask = 2147483647;
			files = (
			);
			runOnlyForDeploymentPostprocessing = 0;
		};
		FA5585AC2E13B04400CF231E /* Resources */ = {
			isa = PBXResourcesBuildPhase;
			buildActionMask = 2147483647;
			files = (
			);
			runOnlyForDeploymentPostprocessing = 0;
		};
/* End PBXResourcesBuildPhase section */

/* Begin PBXSourcesBuildPhase section */
		FA5585902E13B04200CF231E /* Sources */ = {
			isa = PBXSourcesBuildPhase;
			buildActionMask = 2147483647;
			files = (
			);
			runOnlyForDeploymentPostprocessing = 0;
		};
		FA5585A02E13B04400CF231E /* Sources */ = {
			isa = PBXSourcesBuildPhase;
			buildActionMask = 2147483647;
			files = (
			);
			runOnlyForDeploymentPostprocessing = 0;
		};
		FA5585AA2E13B04400CF231E /* Sources */ = {
			isa = PBXSourcesBuildPhase;
			buildActionMask = 2147483647;
			files = (
			);
			runOnlyForDeploymentPostprocessing = 0;
		};
/* End PBXSourcesBuildPhase section */

/* Begin PBXTargetDependency section */
		FA5585A62E13B04400CF231E /* PBXTargetDependency */ = {
			isa = PBXTargetDependency;
			target = FA5585932E13B04200CF231E /* Child */;
			targetProxy = FA5585A52E13B04400CF231E /* PBXContainerItemProxy */;
		};
		FA5585B02E13B04400CF231E /* PBXTargetDependency */ = {
			isa = PBXTargetDependency;
			target = FA5585932E13B04200CF231E /* Child */;
			targetProxy = FA5585AF2E13B04400CF231E /* PBXContainerItemProxy */;
		};
/* End PBXTargetDependency section */

/* Begin XCBuildConfiguration section */
		FA5585B62E13B04400CF231E /* Debug */ = {
			isa = XCBuildConfiguration;
			buildSettings = {
				ALWAYS_SEARCH_USER_PATHS = NO;
				ASSETCATALOG_COMPILER_GENERATE_SWIFT_ASSET_SYMBOL_EXTENSIONS = YES;
				CLANG_ANALYZER_NONNULL = YES;
				CLANG_ANALYZER_NUMBER_OBJECT_CONVERSION = YES_AGGRESSIVE;
				CLANG_CXX_LANGUAGE_STANDARD = "gnu++20";
				CLANG_ENABLE_MODULES = YES;
				CLANG_ENABLE_OBJC_ARC = YES;
				CLANG_ENABLE_OBJC_WEAK = YES;
				CLANG_WARN_BLOCK_CAPTURE_AUTORELEASING = YES;
				CLANG_WARN_BOOL_CONVERSION = YES;
				CLANG_WARN_COMMA = YES;
				CLANG_WARN_CONSTANT_CONVERSION = YES;
				CLANG_WARN_DEPRECATED_OBJC_IMPLEMENTATIONS = YES;
				CLANG_WARN_DIRECT_OBJC_ISA_USAGE = YES_ERROR;
				CLANG_WARN_DOCUMENTATION_COMMENTS = YES;
				CLANG_WARN_EMPTY_BODY = YES;
				CLANG_WARN_ENUM_CONVERSION = YES;
				CLANG_WARN_INFINITE_RECURSION = YES;
				CLANG_WARN_INT_CONVERSION = YES;
				CLANG_WARN_NON_LITERAL_NULL_CONVERSION = YES;
				CLANG_WARN_OBJC_IMPLICIT_RETAIN_SELF = YES;
				CLANG_WARN_OBJC_LITERAL_CONVERSION = YES;
				CLANG_WARN_OBJC_ROOT_CLASS = YES_ERROR;
				CLANG_WARN_QUOTED_INCLUDE_IN_FRAMEWORK_HEADER = YES;
				CLANG_WARN_RANGE_LOOP_ANALYSIS = YES;
				CLANG_WARN_STRICT_PROTOTYPES = YES;
				CLANG_WARN_SUSPICIOUS_MOVE = YES;
				CLANG_WARN_UNGUARDED_AVAILABILITY = YES_AGGRESSIVE;
				CLANG_WARN_UNREACHABLE_CODE = YES;
				CLANG_WARN__DUPLICATE_METHOD_MATCH = YES;
				COPY_PHASE_STRIP = NO;
				DEBUG_INFORMATION_FORMAT = dwarf;
				ENABLE_STRICT_OBJC_MSGSEND = YES;
				ENABLE_TESTABILITY = YES;
				ENABLE_USER_SCRIPT_SANDBOXING = NO;
				GCC_C_LANGUAGE_STANDARD = gnu17;
				GCC_DYNAMIC_NO_PIC = NO;
				GCC_NO_COMMON_BLOCKS = YES;
				GCC_OPTIMIZATION_LEVEL = 0;
				GCC_PREPROCESSOR_DEFINITIONS = (
					"DEBUG=1",
					"$(inherited)",
				);
				GCC_WARN_64_TO_32_BIT_CONVERSION = YES;
				GCC_WARN_ABOUT_RETURN_TYPE = YES_ERROR;
				GCC_WARN_UNDECLARED_SELECTOR = YES;
				GCC_WARN_UNINITIALIZED_AUTOS = YES_AGGRESSIVE;
				GCC_WARN_UNUSED_FUNCTION = YES;
				GCC_WARN_UNUSED_VARIABLE = YES;
				IPHONEOS_DEPLOYMENT_TARGET = 16.6;
				LOCALIZATION_PREFERS_STRING_CATALOGS = YES;
				MTL_ENABLE_DEBUG_INFO = INCLUDE_SOURCE;
				MTL_FAST_MATH = YES;
				ONLY_ACTIVE_ARCH = YES;
				SDKROOT = iphoneos;
				SWIFT_ACTIVE_COMPILATION_CONDITIONS = "DEBUG $(inherited)";
				SWIFT_OPTIMIZATION_LEVEL = "-Onone";
			};
			name = Debug;
		};
		FA5585B72E13B04400CF231E /* Release */ = {
			isa = XCBuildConfiguration;
			buildSettings = {
				ALWAYS_SEARCH_USER_PATHS = NO;
				ASSETCATALOG_COMPILER_GENERATE_SWIFT_ASSET_SYMBOL_EXTENSIONS = YES;
				CLANG_ANALYZER_NONNULL = YES;
				CLANG_ANALYZER_NUMBER_OBJECT_CONVERSION = YES_AGGRESSIVE;
				CLANG_CXX_LANGUAGE_STANDARD = "gnu++20";
				CLANG_ENABLE_MODULES = YES;
				CLANG_ENABLE_OBJC_ARC = YES;
				CLANG_ENABLE_OBJC_WEAK = YES;
				CLANG_WARN_BLOCK_CAPTURE_AUTORELEASING = YES;
				CLANG_WARN_BOOL_CONVERSION = YES;
				CLANG_WARN_COMMA = YES;
				CLANG_WARN_CONSTANT_CONVERSION = YES;
				CLANG_WARN_DEPRECATED_OBJC_IMPLEMENTATIONS = YES;
				CLANG_WARN_DIRECT_OBJC_ISA_USAGE = YES_ERROR;
				CLANG_WARN_DOCUMENTATION_COMMENTS = YES;
				CLANG_WARN_EMPTY_BODY = YES;
				CLANG_WARN_ENUM_CONVERSION = YES;
				CLANG_WARN_INFINITE_RECURSION = YES;
				CLANG_WARN_INT_CONVERSION = YES;
				CLANG_WARN_NON_LITERAL_NULL_CONVERSION = YES;
				CLANG_WARN_OBJC_IMPLICIT_RETAIN_SELF = YES;
				CLANG_WARN_OBJC_LITERAL_CONVERSION = YES;
				CLANG_WARN_OBJC_ROOT_CLASS = YES_ERROR;
				CLANG_WARN_QUOTED_INCLUDE_IN_FRAMEWORK_HEADER = YES;
				CLANG_WARN_RANGE_LOOP_ANALYSIS = YES;
				CLANG_WARN_STRICT_PROTOTYPES = YES;
				CLANG_WARN_SUSPICIOUS_MOVE = YES;
				CLANG_WARN_UNGUARDED_AVAILABILITY = YES_AGGRESSIVE;
				CLANG_WARN_UNREACHABLE_CODE = YES;
				CLANG_WARN__DUPLICATE_METHOD_MATCH = YES;
				COPY_PHASE_STRIP = NO;
				DEBUG_INFORMATION_FORMAT = "dwarf-with-dsym";
				ENABLE_NS_ASSERTIONS = NO;
				ENABLE_STRICT_OBJC_MSGSEND = YES;
				ENABLE_USER_SCRIPT_SANDBOXING = NO;
				GCC_C_LANGUAGE_STANDARD = gnu17;
				GCC_NO_COMMON_BLOCKS = YES;
				GCC_WARN_64_TO_32_BIT_CONVERSION = YES;
				GCC_WARN_ABOUT_RETURN_TYPE = YES_ERROR;
				GCC_WARN_UNDECLARED_SELECTOR = YES;
				GCC_WARN_UNINITIALIZED_AUTOS = YES_AGGRESSIVE;
				GCC_WARN_UNUSED_FUNCTION = YES;
				GCC_WARN_UNUSED_VARIABLE = YES;
				IPHONEOS_DEPLOYMENT_TARGET = 16.6;
				LOCALIZATION_PREFERS_STRING_CATALOGS = YES;
				MTL_ENABLE_DEBUG_INFO = NO;
				MTL_FAST_MATH = YES;
				SDKROOT = iphoneos;
				SWIFT_COMPILATION_MODE = wholemodule;
				VALIDATE_PRODUCT = YES;
			};
			name = Release;
		};
		FA5585B92E13B04400CF231E /* Debug */ = {
			isa = XCBuildConfiguration;
			buildSettings = {
				ASSETCATALOG_COMPILER_APPICON_NAME = AppIcon;
				ASSETCATALOG_COMPILER_GLOBAL_ACCENT_COLOR_NAME = AccentColor;
				CODE_SIGN_STYLE = Automatic;
				CURRENT_PROJECT_VERSION = 1;
				DEVELOPMENT_ASSET_PATHS = "\"$(SRCROOT)/Preview Content\"";
				DEVELOPMENT_TEAM = BNT6DPTTX4;
				ENABLE_PREVIEWS = YES;
				GENERATE_INFOPLIST_FILE = YES;
				INFOPLIST_KEY_UIApplicationSceneManifest_Generation = YES;
				INFOPLIST_KEY_UIApplicationSupportsIndirectInputEvents = YES;
				INFOPLIST_KEY_UILaunchScreen_Generation = YES;
				INFOPLIST_KEY_UISupportedInterfaceOrientations_iPad = "UIInterfaceOrientationPortrait UIInterfaceOrientationPortraitUpsideDown UIInterfaceOrientationLandscapeLeft UIInterfaceOrientationLandscapeRight";
				INFOPLIST_KEY_UISupportedInterfaceOrientations_iPhone = "UIInterfaceOrientationPortrait UIInterfaceOrientationLandscapeLeft UIInterfaceOrientationLandscapeRight";
				IPHONEOS_DEPLOYMENT_TARGET = 16.6;
				LD_RUNPATH_SEARCH_PATHS = (
					"$(inherited)",
					"@executable_path/Frameworks",
				);
				MARKETING_VERSION = 1.0;
				PRODUCT_BUNDLE_IDENTIFIER = com.gmail.mkogori01.Child;
				PRODUCT_NAME = "$(TARGET_NAME)";
				SWIFT_EMIT_LOC_STRINGS = YES;
				SWIFT_VERSION = 5.0;
				TARGETED_DEVICE_FAMILY = "1,2";
			};
			name = Debug;
		};
		FA5585BA2E13B04400CF231E /* Release */ = {
			isa = XCBuildConfiguration;
			buildSettings = {
				ASSETCATALOG_COMPILER_APPICON_NAME = AppIcon;
				ASSETCATALOG_COMPILER_GLOBAL_ACCENT_COLOR_NAME = AccentColor;
				CODE_SIGN_STYLE = Automatic;
				CURRENT_PROJECT_VERSION = 1;
				DEVELOPMENT_ASSET_PATHS = "\"$(SRCROOT)/Preview Content\"";
				DEVELOPMENT_TEAM = BNT6DPTTX4;
				ENABLE_PREVIEWS = YES;
				GENERATE_INFOPLIST_FILE = YES;
				INFOPLIST_KEY_UIApplicationSceneManifest_Generation = YES;
				INFOPLIST_KEY_UIApplicationSupportsIndirectInputEvents = YES;
				INFOPLIST_KEY_UILaunchScreen_Generation = YES;
				INFOPLIST_KEY_UISupportedInterfaceOrientations_iPad = "UIInterfaceOrientationPortrait UIInterfaceOrientationPortraitUpsideDown UIInterfaceOrientationLandscapeLeft UIInterfaceOrientationLandscapeRight";
				INFOPLIST_KEY_UISupportedInterfaceOrientations_iPhone = "UIInterfaceOrientationPortrait UIInterfaceOrientationLandscapeLeft UIInterfaceOrientationLandscapeRight";
				IPHONEOS_DEPLOYMENT_TARGET = 16.6;
				LD_RUNPATH_SEARCH_PATHS = (
					"$(inherited)",
					"@executable_path/Frameworks",
				);
				MARKETING_VERSION = 1.0;
				PRODUCT_BUNDLE_IDENTIFIER = com.gmail.mkogori01.Child;
				PRODUCT_NAME = "$(TARGET_NAME)";
				SWIFT_EMIT_LOC_STRINGS = YES;
				SWIFT_VERSION = 5.0;
				TARGETED_DEVICE_FAMILY = "1,2";
			};
			name = Release;
		};
		FA5585BC2E13B04400CF231E /* Debug */ = {
			isa = XCBuildConfiguration;
			buildSettings = {
				BUNDLE_LOADER = "$(TEST_HOST)";
				CODE_SIGN_STYLE = Automatic;
				CURRENT_PROJECT_VERSION = 1;
				DEVELOPMENT_TEAM = BNT6DPTTX4;
				GENERATE_INFOPLIST_FILE = YES;
				IPHONEOS_DEPLOYMENT_TARGET = 18.2;
				MARKETING_VERSION = 1.0;
				PRODUCT_BUNDLE_IDENTIFIER = com.gmail.mkogori01.ChildTests;
				PRODUCT_NAME = "$(TARGET_NAME)";
				SWIFT_EMIT_LOC_STRINGS = NO;
				SWIFT_VERSION = 5.0;
				TARGETED_DEVICE_FAMILY = "1,2";
				TEST_HOST = "$(BUILT_PRODUCTS_DIR)/Child.app/$(BUNDLE_EXECUTABLE_FOLDER_PATH)/Child";
			};
			name = Debug;
		};
		FA5585BD2E13B04400CF231E /* Release */ = {
			isa = XCBuildConfiguration;
			buildSettings = {
				BUNDLE_LOADER = "$(TEST_HOST)";
				CODE_SIGN_STYLE = Automatic;
				CURRENT_PROJECT_VERSION = 1;
				DEVELOPMENT_TEAM = BNT6DPTTX4;
				GENERATE_INFOPLIST_FILE = YES;
				IPHONEOS_DEPLOYMENT_TARGET = 18.2;
				MARKETING_VERSION = 1.0;
				PRODUCT_BUNDLE_IDENTIFIER = com.gmail.mkogori01.ChildTests;
				PRODUCT_NAME = "$(TARGET_NAME)";
				SWIFT_EMIT_LOC_STRINGS = NO;
				SWIFT_VERSION = 5.0;
				TARGETED_DEVICE_FAMILY = "1,2";
				TEST_HOST = "$(BUILT_PRODUCTS_DIR)/Child.app/$(BUNDLE_EXECUTABLE_FOLDER_PATH)/Child";
			};
			name = Release;
		};
		FA5585BF2E13B04400CF231E /* Debug */ = {
			isa = XCBuildConfiguration;
			buildSettings = {
				CODE_SIGN_STYLE = Automatic;
				CURRENT_PROJECT_VERSION = 1;
				DEVELOPMENT_TEAM = BNT6DPTTX4;
				GENERATE_INFOPLIST_FILE = YES;
				MARKETING_VERSION = 1.0;
				PRODUCT_BUNDLE_IDENTIFIER = com.gmail.mkogori01.ChildUITests;
				PRODUCT_NAME = "$(TARGET_NAME)";
				SWIFT_EMIT_LOC_STRINGS = NO;
				SWIFT_VERSION = 5.0;
				TARGETED_DEVICE_FAMILY = "1,2";
				TEST_TARGET_NAME = Child;
			};
			name = Debug;
		};
		FA5585C02E13B04400CF231E /* Release */ = {
			isa = XCBuildConfiguration;
			buildSettings = {
				CODE_SIGN_STYLE = Automatic;
				CURRENT_PROJECT_VERSION = 1;
				DEVELOPMENT_TEAM = BNT6DPTTX4;
				GENERATE_INFOPLIST_FILE = YES;
				MARKETING_VERSION = 1.0;
				PRODUCT_BUNDLE_IDENTIFIER = com.gmail.mkogori01.ChildUITests;
				PRODUCT_NAME = "$(TARGET_NAME)";
				SWIFT_EMIT_LOC_STRINGS = NO;
				SWIFT_VERSION = 5.0;
				TARGETED_DEVICE_FAMILY = "1,2";
				TEST_TARGET_NAME = Child;
			};
			name = Release;
		};
/* End XCBuildConfiguration section */

/* Begin XCConfigurationList section */
		FA55858F2E13B04200CF231E /* Build configuration list for PBXProject "Child" */ = {
			isa = XCConfigurationList;
			buildConfigurations = (
				FA5585B62E13B04400CF231E /* Debug */,
				FA5585B72E13B04400CF231E /* Release */,
			);
			defaultConfigurationIsVisible = 0;
			defaultConfigurationName = Release;
		};
		FA5585B82E13B04400CF231E /* Build configuration list for PBXNativeTarget "Child" */ = {
			isa = XCConfigurationList;
			buildConfigurations = (
				FA5585B92E13B04400CF231E /* Debug */,
				FA5585BA2E13B04400CF231E /* Release */,
			);
			defaultConfigurationIsVisible = 0;
			defaultConfigurationName = Release;
		};
		FA5585BB2E13B04400CF231E /* Build configuration list for PBXNativeTarget "ChildTests" */ = {
			isa = XCConfigurationList;
			buildConfigurations = (
				FA5585BC2E13B04400CF231E /* Debug */,
				FA5585BD2E13B04400CF231E /* Release */,
			);
			defaultConfigurationIsVisible = 0;
			defaultConfigurationName = Release;
		};
		FA5585BE2E13B04400CF231E /* Build configuration list for PBXNativeTarget "ChildUITests" */ = {
			isa = XCConfigurationList;
			buildConfigurations = (
				FA5585BF2E13B04400CF231E /* Debug */,
				FA5585C02E13B04400CF231E /* Release */,
			);
			defaultConfigurationIsVisible = 0;
			defaultConfigurationName = Release;
		};
/* End XCConfigurationList section */
	};
	rootObject = FA55858C2E13B04200CF231E /* Project object */;
}
