PODS:
  - Google-Mobile-Ads-SDK (13.2.0):
    - GoogleUserMessagingPlatform (>= 1.1)
  - GoogleUserMessagingPlatform (3.1.0)
  - Realm (20.0.4):
    - Realm/Headers (= 20.0.4)
  - Realm/Headers (20.0.4)
  - RealmSwift (20.0.4):
    - Realm (= 20.0.4)

DEPENDENCIES:
  - Google-Mobile-Ads-SDK
  - RealmSwift

SPEC REPOS:
  trunk:
    - Google-Mobile-Ads-SDK
    - GoogleUserMessagingPlatform
    - Realm
    - RealmSwift

SPEC CHECKSUMS:
  Google-Mobile-Ads-SDK: f0365e190d66539c65cea8ded43e2c367abb5477
  GoogleUserMessagingPlatform: befe603da6501006420c206222acd449bba45a9c
  Realm: 1fca83c42ac1d5c7767974882c8de5a7abca4d89
  RealmSwift: 84f36320f6133dea78d05c55bb46bba4387d6828

PODFILE CHECKSUM: 8602d7000d4d191c990d42109a6a5c30e81c4d8b

COCOAPODS: 1.16.2
